// !$*UTF8*$!
{
	archiveVersion = 1;
	classes = {
	};
	objectVersion = 46;
	objects = {

/* Begin PBXBuildFile section */
		55B392BF19FAA9FC0071BF8B /* test.m in Sources */ = {isa = PBXBuildFile; fileRef = 55B392BE19FAA9FC0071BF8B /* test.m */; };
		55B392C219FAAAA20071BF8B /* objc_instance_finder.m in Sources */ = {isa = PBXBuildFile; fileRef = 55B392C019FAAAA20071BF8B /* objc_instance_finder.m */; };
/* End PBXBuildFile section */

/* Begin PBXCopyFilesBuildPhase section */
		55B392B219FAA9CE0071BF8B /* CopyFiles */ = {
			isa = PBXCopyFilesBuildPhase;
			buildActionMask = 2147483647;
			dstPath = /usr/share/man/man1/;
			dstSubfolderSpec = 0;
			files = (
			);
			runOnlyForDeploymentPostprocessing = 1;
		};
/* End PBXCopyFilesBuildPhase section */

/* Begin PBXFileReference section */
		55B392B419FAA9CE0071BF8B /* objc_instance_finder */ = {isa = PBXFileReference; explicitFileType = "compiled.mach-o.executable"; includeInIndex = 0; path = objc_instance_finder; sourceTree = BUILT_PRODUCTS_DIR; };
		55B392BE19FAA9FC0071BF8B /* test.m */ = {isa = PBXFileReference; fileEncoding = 4; lastKnownFileType = sourcecode.c.objc; path = test.m; sourceTree = "<group>"; };
		55B392C019FAAAA20071BF8B /* objc_instance_finder.m */ = {isa = PBXFileReference; fileEncoding = 4; lastKnownFileType = sourcecode.c.objc; path = objc_instance_finder.m; sourceTree = "<group>"; };
		55B392C119FAAAA20071BF8B /* objc_instance_finder.h */ = {isa = PBXFileReference; fileEncoding = 4; lastKnownFileType = sourcecode.c.h; path = objc_instance_finder.h; sourceTree = "<group>"; };
/* End PBXFileReference section */

/* Begin PBXFrameworksBuildPhase section */
		55B392B119FAA9CE0071BF8B /* Frameworks */ = {
			isa = PBXFrameworksBuildPhase;
			buildActionMask = 2147483647;
			files = (
			);
			runOnlyForDeploymentPostprocessing = 0;
		};
/* End PBXFrameworksBuildPhase section */

/* Begin PBXGroup section */
		55B392AB19FAA9CE0071BF8B = {
			isa = PBXGroup;
			children = (
				55B392B619FAA9CE0071BF8B /* objc_instance_finder */,
				55B392B519FAA9CE0071BF8B /* Products */,
			);
			sourceTree = "<group>";
		};
		55B392B519FAA9CE0071BF8B /* Products */ = {
			isa = PBXGroup;
			children = (
				55B392B419FAA9CE0071BF8B /* objc_instance_finder */,
			);
			name = Products;
			sourceTree = "<group>";
		};
		55B392B619FAA9CE0071BF8B /* objc_instance_finder */ = {
			isa = PBXGroup;
			children = (
				55B392BE19FAA9FC0071BF8B /* test.m */,
				55B392C019FAAAA20071BF8B /* objc_instance_finder.m */,
				55B392C119FAAAA20071BF8B /* objc_instance_finder.h */,
			);
			path = objc_instance_finder;
			sourceTree = "<group>";
		};
/* End PBXGroup section */

/* Begin PBXNativeTarget section */
		55B392B319FAA9CE0071BF8B /* objc_instance_finder */ = {
			isa = PBXNativeTarget;
			buildConfigurationList = 55B392BB19FAA9CE0071BF8B /* Build configuration list for PBXNativeTarget "objc_instance_finder" */;
			buildPhases = (
				55B392B019FAA9CE0071BF8B /* Sources */,
				55B392B119FAA9CE0071BF8B /* Frameworks */,
				55B392B219FAA9CE0071BF8B /* CopyFiles */,
			);
			buildRules = (
			);
			dependencies = (
			);
			name = objc_instance_finder;
			productName = objc_instance_finder;
			productReference = 55B392B419FAA9CE0071BF8B /* objc_instance_finder */;
			productType = "com.apple.product-type.tool";
		};
/* End PBXNativeTarget section */

/* Begin PBXProject section */
		55B392AC19FAA9CE0071BF8B /* Project object */ = {
			isa = PBXProject;
			attributes = {
				LastUpgradeCheck = 0610;
				ORGANIZATIONNAME = "Asger Hautop Drewsen";
				TargetAttributes = {
					55B392B319FAA9CE0071BF8B = {
						CreatedOnToolsVersion = 6.1;
					};
				};
			};
			buildConfigurationList = 55B392AF19FAA9CE0071BF8B /* Build configuration list for PBXProject "objc_instance_finder" */;
			compatibilityVersion = "Xcode 3.2";
			developmentRegion = English;
			hasScannedForEncodings = 0;
			knownRegions = (
				en,
			);
			mainGroup = 55B392AB19FAA9CE0071BF8B;
			productRefGroup = 55B392B519FAA9CE0071BF8B /* Products */;
			projectDirPath = "";
			projectRoot = "";
			targets = (
				55B392B319FAA9CE0071BF8B /* objc_instance_finder */,
			);
		};
/* End PBXProject section */

/* Begin PBXSourcesBuildPhase section */
		55B392B019FAA9CE0071BF8B /* Sources */ = {
			isa = PBXSourcesBuildPhase;
			buildActionMask = 2147483647;
			files = (
				55B392C219FAAAA20071BF8B /* objc_instance_finder.m in Sources */,
				55B392BF19FAA9FC0071BF8B /* test.m in Sources */,
			);
			runOnlyForDeploymentPostprocessing = 0;
		};
/* End PBXSourcesBuildPhase section */

/* Begin XCBuildConfiguration section */
		55B392B919FAA9CE0071BF8B /* Debug */ = {
			isa = XCBuildConfiguration;
			buildSettings = {
				ALWAYS_SEARCH_USER_PATHS = NO;
				CLANG_CXX_LANGUAGE_STANDARD = "gnu++0x";
				CLANG_CXX_LIBRARY = "libc++";
				CLANG_ENABLE_MODULES = YES;
				CLANG_ENABLE_OBJC_ARC = YES;
				CLANG_WARN_BOOL_CONVERSION = YES;
				CLANG_WARN_CONSTANT_CONVERSION = YES;
				CLANG_WARN_DIRECT_OBJC_ISA_USAGE = YES_ERROR;
				CLANG_WARN_EMPTY_BODY = YES;
				CLANG_WARN_ENUM_CONVERSION = YES;
				CLANG_WARN_INT_CONVERSION = YES;
				CLANG_WARN_OBJC_ROOT_CLASS = YES_ERROR;
				CLANG_WARN_UNREACHABLE_CODE = YES;
				CLANG_WARN__DUPLICATE_METHOD_MATCH = YES;
				COPY_PHASE_STRIP = NO;
				ENABLE_STRICT_OBJC_MSGSEND = YES;
				GCC_C_LANGUAGE_STANDARD = gnu99;
				GCC_DYNAMIC_NO_PIC = NO;
				GCC_OPTIMIZATION_LEVEL = 0;
				GCC_PREPROCESSOR_DEFINITIONS = (
					"DEBUG=1",
					"$(inherited)",
				);
				GCC_SYMBOLS_PRIVATE_EXTERN = NO;
				GCC_WARN_64_TO_32_BIT_CONVERSION = YES;
				GCC_WARN_ABOUT_RETURN_TYPE = YES_ERROR;
				GCC_WARN_UNDECLARED_SELECTOR = YES;
				GCC_WARN_UNINITIALIZED_AUTOS = YES_AGGRESSIVE;
				GCC_WARN_UNUSED_FUNCTION = YES;
				GCC_WARN_UNUSED_VARIABLE = YES;
				MACOSX_DEPLOYMENT_TARGET = 10.10;
				MTL_ENABLE_DEBUG_INFO = YES;
				ONLY_ACTIVE_ARCH = YES;
				SDKROOT = macosx;
			};
			name = Debug;
		};
		55B392BA19FAA9CE0071BF8B /* Release */ = {
			isa = XCBuildConfiguration;
			buildSettings = {
				ALWAYS_SEARCH_USER_PATHS = NO;
				CLANG_CXX_LANGUAGE_STANDARD = "gnu++0x";
				CLANG_CXX_LIBRARY = "libc++";
				CLANG_ENABLE_MODULES = YES;
				CLANG_ENABLE_OBJC_ARC = YES;
				CLANG_WARN_BOOL_CONVERSION = YES;
				CLANG_WARN_CONSTANT_CONVERSION = YES;
				CLANG_WARN_DIRECT_OBJC_ISA_USAGE = YES_ERROR;
				CLANG_WARN_EMPTY_BODY = YES;
				CLANG_WARN_ENUM_CONVERSION = YES;
				CLANG_WARN_INT_CONVERSION = YES;
				CLANG_WARN_OBJC_ROOT_CLASS = YES_ERROR;
				CLANG_WARN_UNREACHABLE_CODE = YES;
				CLANG_WARN__DUPLICATE_METHOD_MATCH = YES;
				COPY_PHASE_STRIP = YES;
				DEBUG_INFORMATION_FORMAT = "dwarf-with-dsym";
				ENABLE_NS_ASSERTIONS = NO;
				ENABLE_STRICT_OBJC_MSGSEND = YES;
				GCC_C_LANGUAGE_STANDARD = gnu99;
				GCC_WARN_64_TO_32_BIT_CONVERSION = YES;
				GCC_WARN_ABOUT_RETURN_TYPE = YES_ERROR;
				GCC_WARN_UNDECLARED_SELECTOR = YES;
				GCC_WARN_UNINITIALIZED_AUTOS = YES_AGGRESSIVE;
				GCC_WARN_UNUSED_FUNCTION = YES;
				GCC_WARN_UNUSED_VARIABLE = YES;
				MACOSX_DEPLOYMENT_TARGET = 10.10;
				MTL_ENABLE_DEBUG_INFO = NO;
				SDKROOT = macosx;
			};
			name = Release;
		};
		55B392BC19FAA9CE0071BF8B /* Debug */ = {
			isa = XCBuildConfiguration;
			buildSettings = {
				CLANG_ENABLE_OBJC_ARC = NO;
				PRODUCT_NAME = "$(TARGET_NAME)";
			};
			name = Debug;
		};
		55B392BD19FAA9CE0071BF8B /* Release */ = {
			isa = XCBuildConfiguration;
			buildSettings = {
				CLANG_ENABLE_OBJC_ARC = NO;
				PRODUCT_NAME = "$(TARGET_NAME)";
			};
			name = Release;
		};
/* End XCBuildConfiguration section */

/* Begin XCConfigurationList section */
		55B392AF19FAA9CE0071BF8B /* Build configuration list for PBXProject "objc_instance_finder" */ = {
			isa = XCConfigurationList;
			buildConfigurations = (
				55B392B919FAA9CE0071BF8B /* Debug */,
				55B392BA19FAA9CE0071BF8B /* Release */,
			);
			defaultConfigurationIsVisible = 0;
			defaultConfigurationName = Release;
		};
		55B392BB19FAA9CE0071BF8B /* Build configuration list for PBXNativeTarget "objc_instance_finder" */ = {
			isa = XCConfigurationList;
			buildConfigurations = (
				55B392BC19FAA9CE0071BF8B /* Debug */,
				55B392BD19FAA9CE0071BF8B /* Release */,
			);
			defaultConfigurationIsVisible = 0;
			defaultConfigurationName = Release;
		};
/* End XCConfigurationList section */
	};
	rootObject = 55B392AC19FAA9CE0071BF8B /* Project object */;
}
